// !$*UTF8*$!
{
	archiveVersion = 1;
	classes = {
	};
	objectVersion = 51;
	objects = {

/* Begin PBXBuildFile section */
		1DCCDD398FFF4FC616CB80E3 /* Pods_apiAlamofireObjctmapper_apiAlamofireObjctmapperUITests.framework in Frameworks */ = {isa = PBXBuildFile; fileRef = 922D34FBDB9E6EF93689587C /* Pods_apiAlamofireObjctmapper_apiAlamofireObjctmapperUITests.framework */; };
		5851712025DA4CA600DF78B1 /* AppDelegate.swift in Sources */ = {isa = PBXBuildFile; fileRef = 5851711F25DA4CA600DF78B1 /* AppDelegate.swift */; };
		5851712225DA4CA600DF78B1 /* SceneDelegate.swift in Sources */ = {isa = PBXBuildFile; fileRef = 5851712125DA4CA600DF78B1 /* SceneDelegate.swift */; };
		5851712425DA4CA600DF78B1 /* ViewController.swift in Sources */ = {isa = PBXBuildFile; fileRef = 5851712325DA4CA600DF78B1 /* ViewController.swift */; };
		5851712725DA4CA600DF78B1 /* Main.storyboard in Resources */ = {isa = PBXBuildFile; fileRef = 5851712525DA4CA600DF78B1 /* Main.storyboard */; };
		5851712A25DA4CA600DF78B1 /* apiAlamofireObjctmapper.xcdatamodeld in Sources */ = {isa = PBXBuildFile; fileRef = 5851712825DA4CA600DF78B1 /* apiAlamofireObjctmapper.xcdatamodeld */; };
		5851712C25DA4CA800DF78B1 /* Assets.xcassets in Resources */ = {isa = PBXBuildFile; fileRef = 5851712B25DA4CA800DF78B1 /* Assets.xcassets */; };
		5851712F25DA4CA800DF78B1 /* LaunchScreen.storyboard in Resources */ = {isa = PBXBuildFile; fileRef = 5851712D25DA4CA800DF78B1 /* LaunchScreen.storyboard */; };
		5851713A25DA4CA800DF78B1 /* apiAlamofireObjctmapperTests.swift in Sources */ = {isa = PBXBuildFile; fileRef = 5851713925DA4CA800DF78B1 /* apiAlamofireObjctmapperTests.swift */; };
		5851714525DA4CA800DF78B1 /* apiAlamofireObjctmapperUITests.swift in Sources */ = {isa = PBXBuildFile; fileRef = 5851714425DA4CA800DF78B1 /* apiAlamofireObjctmapperUITests.swift */; };
		5851715325DA50A300DF78B1 /* Constants.swift in Sources */ = {isa = PBXBuildFile; fileRef = 5851715225DA50A300DF78B1 /* Constants.swift */; };
		5851715525DA521000DF78B1 /* Cell.swift in Sources */ = {isa = PBXBuildFile; fileRef = 5851715425DA521000DF78B1 /* Cell.swift */; };
		5851715925DA6E6900DF78B1 /* Model_data.swift in Sources */ = {isa = PBXBuildFile; fileRef = 5851715625DA6E6900DF78B1 /* Model_data.swift */; };
		5851715A25DA6E6900DF78B1 /* Model_base.swift in Sources */ = {isa = PBXBuildFile; fileRef = 5851715725DA6E6900DF78B1 /* Model_base.swift */; };
		5851715B25DA6E6900DF78B1 /* Support.swift in Sources */ = {isa = PBXBuildFile; fileRef = 5851715825DA6E6900DF78B1 /* Support.swift */; };
		678E4D751D93EA0F92504600 /* Pods_apiAlamofireObjctmapper.framework in Frameworks */ = {isa = PBXBuildFile; fileRef = E8B0A3E341F68B1775F1E0BA /* Pods_apiAlamofireObjctmapper.framework */; };
		B59AF30EAFD2A8F7544AC2BA /* Pods_apiAlamofireObjctmapperTests.framework in Frameworks */ = {isa = PBXBuildFile; fileRef = 4BDACF1B218C5160798BCBD1 /* Pods_apiAlamofireObjctmapperTests.framework */; };
/* End PBXBuildFile section */

/* Begin PBXContainerItemProxy section */
		5851713625DA4CA800DF78B1 /* PBXContainerItemProxy */ = {
			isa = PBXContainerItemProxy;
			containerPortal = 5851711425DA4CA600DF78B1 /* Project object */;
			proxyType = 1;
			remoteGlobalIDString = 5851711B25DA4CA600DF78B1;
			remoteInfo = apiAlamofireObjctmapper;
		};
		5851714125DA4CA800DF78B1 /* PBXContainerItemProxy */ = {
			isa = PBXContainerItemProxy;
			containerPortal = 5851711425DA4CA600DF78B1 /* Project object */;
			proxyType = 1;
			remoteGlobalIDString = 5851711B25DA4CA600DF78B1;
			remoteInfo = apiAlamofireObjctmapper;
		};
/* End PBXContainerItemProxy section */

/* Begin PBXFileReference section */
		3F56B78FAB23866782200CA7 /* Pods-apiAlamofireObjctmapper-apiAlamofireObjctmapperUITests.release.xcconfig */ = {isa = PBXFileReference; includeInIndex = 1; lastKnownFileType = text.xcconfig; name = "Pods-apiAlamofireObjctmapper-apiAlamofireObjctmapperUITests.release.xcconfig"; path = "Target Support Files/Pods-apiAlamofireObjctmapper-apiAlamofireObjctmapperUITests/Pods-apiAlamofireObjctmapper-apiAlamofireObjctmapperUITests.release.xcconfig"; sourceTree = "<group>"; };
		4BDACF1B218C5160798BCBD1 /* Pods_apiAlamofireObjctmapperTests.framework */ = {isa = PBXFileReference; explicitFileType = wrapper.framework; includeInIndex = 0; path = Pods_apiAlamofireObjctmapperTests.framework; sourceTree = BUILT_PRODUCTS_DIR; };
		5851711C25DA4CA600DF78B1 /* apiAlamofireObjctmapper.app */ = {isa = PBXFileReference; explicitFileType = wrapper.application; includeInIndex = 0; path = apiAlamofireObjctmapper.app; sourceTree = BUILT_PRODUCTS_DIR; };
		5851711F25DA4CA600DF78B1 /* AppDelegate.swift */ = {isa = PBXFileReference; lastKnownFileType = sourcecode.swift; path = AppDelegate.swift; sourceTree = "<group>"; };
		5851712125DA4CA600DF78B1 /* SceneDelegate.swift */ = {isa = PBXFileReference; lastKnownFileType = sourcecode.swift; path = SceneDelegate.swift; sourceTree = "<group>"; };
		5851712325DA4CA600DF78B1 /* ViewController.swift */ = {isa = PBXFileReference; lastKnownFileType = sourcecode.swift; path = ViewController.swift; sourceTree = "<group>"; };
		5851712625DA4CA600DF78B1 /* Base */ = {isa = PBXFileReference; lastKnownFileType = file.storyboard; name = Base; path = Base.lproj/Main.storyboard; sourceTree = "<group>"; };
		5851712925DA4CA600DF78B1 /* apiAlamofireObjctmapper.xcdatamodel */ = {isa = PBXFileReference; lastKnownFileType = wrapper.xcdatamodel; path = apiAlamofireObjctmapper.xcdatamodel; sourceTree = "<group>"; };
		5851712B25DA4CA800DF78B1 /* Assets.xcassets */ = {isa = PBXFileReference; lastKnownFileType = folder.assetcatalog; path = Assets.xcassets; sourceTree = "<group>"; };
		5851712E25DA4CA800DF78B1 /* Base */ = {isa = PBXFileReference; lastKnownFileType = file.storyboard; name = Base; path = Base.lproj/LaunchScreen.storyboard; sourceTree = "<group>"; };
		5851713025DA4CA800DF78B1 /* Info.plist */ = {isa = PBXFileReference; lastKnownFileType = text.plist.xml; path = Info.plist; sourceTree = "<group>"; };
		5851713525DA4CA800DF78B1 /* apiAlamofireObjctmapperTests.xctest */ = {isa = PBXFileReference; explicitFileType = wrapper.cfbundle; includeInIndex = 0; path = apiAlamofireObjctmapperTests.xctest; sourceTree = BUILT_PRODUCTS_DIR; };
		5851713925DA4CA800DF78B1 /* apiAlamofireObjctmapperTests.swift */ = {isa = PBXFileReference; lastKnownFileType = sourcecode.swift; path = apiAlamofireObjctmapperTests.swift; sourceTree = "<group>"; };
		5851713B25DA4CA800DF78B1 /* Info.plist */ = {isa = PBXFileReference; lastKnownFileType = text.plist.xml; path = Info.plist; sourceTree = "<group>"; };
		5851714025DA4CA800DF78B1 /* apiAlamofireObjctmapperUITests.xctest */ = {isa = PBXFileReference; explicitFileType = wrapper.cfbundle; includeInIndex = 0; path = apiAlamofireObjctmapperUITests.xctest; sourceTree = BUILT_PRODUCTS_DIR; };
		5851714425DA4CA800DF78B1 /* apiAlamofireObjctmapperUITests.swift */ = {isa = PBXFileReference; lastKnownFileType = sourcecode.swift; path = apiAlamofireObjctmapperUITests.swift; sourceTree = "<group>"; };
		5851714625DA4CA800DF78B1 /* Info.plist */ = {isa = PBXFileReference; lastKnownFileType = text.plist.xml; path = Info.plist; sourceTree = "<group>"; };
		5851715225DA50A300DF78B1 /* Constants.swift */ = {isa = PBXFileReference; lastKnownFileType = sourcecode.swift; path = Constants.swift; sourceTree = "<group>"; };
		5851715425DA521000DF78B1 /* Cell.swift */ = {isa = PBXFileReference; lastKnownFileType = sourcecode.swift; path = Cell.swift; sourceTree = "<group>"; };
		5851715625DA6E6900DF78B1 /* Model_data.swift */ = {isa = PBXFileReference; fileEncoding = 4; lastKnownFileType = sourcecode.swift; path = Model_data.swift; sourceTree = "<group>"; };
		5851715725DA6E6900DF78B1 /* Model_base.swift */ = {isa = PBXFileReference; fileEncoding = 4; lastKnownFileType = sourcecode.swift; path = Model_base.swift; sourceTree = "<group>"; };
		5851715825DA6E6900DF78B1 /* Support.swift */ = {isa = PBXFileReference; fileEncoding = 4; lastKnownFileType = sourcecode.swift; path = Support.swift; sourceTree = "<group>"; };
		66BE8BE0F76DD267C6D92623 /* Pods-apiAlamofireObjctmapper.release.xcconfig */ = {isa = PBXFileReference; includeInIndex = 1; lastKnownFileType = text.xcconfig; name = "Pods-apiAlamofireObjctmapper.release.xcconfig"; path = "Target Support Files/Pods-apiAlamofireObjctmapper/Pods-apiAlamofireObjctmapper.release.xcconfig"; sourceTree = "<group>"; };
		74445967DE55C682D3319E1A /* Pods-apiAlamofireObjctmapper-apiAlamofireObjctmapperUITests.debug.xcconfig */ = {isa = PBXFileReference; includeInIndex = 1; lastKnownFileType = text.xcconfig; name = "Pods-apiAlamofireObjctmapper-apiAlamofireObjctmapperUITests.debug.xcconfig"; path = "Target Support Files/Pods-apiAlamofireObjctmapper-apiAlamofireObjctmapperUITests/Pods-apiAlamofireObjctmapper-apiAlamofireObjctmapperUITests.debug.xcconfig"; sourceTree = "<group>"; };
		922D34FBDB9E6EF93689587C /* Pods_apiAlamofireObjctmapper_apiAlamofireObjctmapperUITests.framework */ = {isa = PBXFileReference; explicitFileType = wrapper.framework; includeInIndex = 0; path = Pods_apiAlamofireObjctmapper_apiAlamofireObjctmapperUITests.framework; sourceTree = BUILT_PRODUCTS_DIR; };
		A979E33663C843B07E99185B /* Pods-apiAlamofireObjctmapperTests.debug.xcconfig */ = {isa = PBXFileReference; includeInIndex = 1; lastKnownFileType = text.xcconfig; name = "Pods-apiAlamofireObjctmapperTests.debug.xcconfig"; path = "Target Support Files/Pods-apiAlamofireObjctmapperTests/Pods-apiAlamofireObjctmapperTests.debug.xcconfig"; sourceTree = "<group>"; };
		DB091330DA4C0A9607DD01DC /* Pods-apiAlamofireObjctmapper.debug.xcconfig */ = {isa = PBXFileReference; includeInIndex = 1; lastKnownFileType = text.xcconfig; name = "Pods-apiAlamofireObjctmapper.debug.xcconfig"; path = "Target Support Files/Pods-apiAlamofireObjctmapper/Pods-apiAlamofireObjctmapper.debug.xcconfig"; sourceTree = "<group>"; };
		E32CF97FB0A4AF7CB1F0B565 /* Pods-apiAlamofireObjctmapperTests.release.xcconfig */ = {isa = PBXFileReference; includeInIndex = 1; lastKnownFileType = text.xcconfig; name = "Pods-apiAlamofireObjctmapperTests.release.xcconfig"; path = "Target Support Files/Pods-apiAlamofireObjctmapperTests/Pods-apiAlamofireObjctmapperTests.release.xcconfig"; sourceTree = "<group>"; };
		E8B0A3E341F68B1775F1E0BA /* Pods_apiAlamofireObjctmapper.framework */ = {isa = PBXFileReference; explicitFileType = wrapper.framework; includeInIndex = 0; path = Pods_apiAlamofireObjctmapper.framework; sourceTree = BUILT_PRODUCTS_DIR; };
/* End PBXFileReference section */

/* Begin PBXFrameworksBuildPhase section */
		5851711925DA4CA600DF78B1 /* Frameworks */ = {
			isa = PBXFrameworksBuildPhase;
			buildActionMask = 2147483647;
			files = (
				678E4D751D93EA0F92504600 /* Pods_apiAlamofireObjctmapper.framework in Frameworks */,
			);
			runOnlyForDeploymentPostprocessing = 0;
		};
		5851713225DA4CA800DF78B1 /* Frameworks */ = {
			isa = PBXFrameworksBuildPhase;
			buildActionMask = 2147483647;
			files = (
				B59AF30EAFD2A8F7544AC2BA /* Pods_apiAlamofireObjctmapperTests.framework in Frameworks */,
			);
			runOnlyForDeploymentPostprocessing = 0;
		};
		5851713D25DA4CA800DF78B1 /* Frameworks */ = {
			isa = PBXFrameworksBuildPhase;
			buildActionMask = 2147483647;
			files = (
				1DCCDD398FFF4FC616CB80E3 /* Pods_apiAlamofireObjctmapper_apiAlamofireObjctmapperUITests.framework in Frameworks */,
			);
			runOnlyForDeploymentPostprocessing = 0;
		};
/* End PBXFrameworksBuildPhase section */

/* Begin PBXGroup section */
		3064A1D4D94C2084B92BBDBC /* Pods */ = {
			isa = PBXGroup;
			children = (
				DB091330DA4C0A9607DD01DC /* Pods-apiAlamofireObjctmapper.debug.xcconfig */,
				66BE8BE0F76DD267C6D92623 /* Pods-apiAlamofireObjctmapper.release.xcconfig */,
				74445967DE55C682D3319E1A /* Pods-apiAlamofireObjctmapper-apiAlamofireObjctmapperUITests.debug.xcconfig */,
				3F56B78FAB23866782200CA7 /* Pods-apiAlamofireObjctmapper-apiAlamofireObjctmapperUITests.release.xcconfig */,
				A979E33663C843B07E99185B /* Pods-apiAlamofireObjctmapperTests.debug.xcconfig */,
				E32CF97FB0A4AF7CB1F0B565 /* Pods-apiAlamofireObjctmapperTests.release.xcconfig */,
			);
			path = Pods;
			sourceTree = "<group>";
		};
		4CF6830CCA1DD223EF73E543 /* Frameworks */ = {
			isa = PBXGroup;
			children = (
				E8B0A3E341F68B1775F1E0BA /* Pods_apiAlamofireObjctmapper.framework */,
				922D34FBDB9E6EF93689587C /* Pods_apiAlamofireObjctmapper_apiAlamofireObjctmapperUITests.framework */,
				4BDACF1B218C5160798BCBD1 /* Pods_apiAlamofireObjctmapperTests.framework */,
			);
			name = Frameworks;
			sourceTree = "<group>";
		};
		5851711325DA4CA600DF78B1 = {
			isa = PBXGroup;
			children = (
				5851711E25DA4CA600DF78B1 /* apiAlamofireObjctmapper */,
				5851713825DA4CA800DF78B1 /* apiAlamofireObjctmapperTests */,
				5851714325DA4CA800DF78B1 /* apiAlamofireObjctmapperUITests */,
				5851711D25DA4CA600DF78B1 /* Products */,
				3064A1D4D94C2084B92BBDBC /* Pods */,
				4CF6830CCA1DD223EF73E543 /* Frameworks */,
			);
			sourceTree = "<group>";
		};
		5851711D25DA4CA600DF78B1 /* Products */ = {
			isa = PBXGroup;
			children = (
				5851711C25DA4CA600DF78B1 /* apiAlamofireObjctmapper.app */,
				5851713525DA4CA800DF78B1 /* apiAlamofireObjctmapperTests.xctest */,
				5851714025DA4CA800DF78B1 /* apiAlamofireObjctmapperUITests.xctest */,
			);
			name = Products;
			sourceTree = "<group>";
		};
		5851711E25DA4CA600DF78B1 /* apiAlamofireObjctmapper */ = {
			isa = PBXGroup;
			children = (
				5851711F25DA4CA600DF78B1 /* AppDelegate.swift */,
				5851712125DA4CA600DF78B1 /* SceneDelegate.swift */,
				5851712325DA4CA600DF78B1 /* ViewController.swift */,
				5851712525DA4CA600DF78B1 /* Main.storyboard */,
				5851715C25DA6E6D00DF78B1 /* Model */,
				5851712B25DA4CA800DF78B1 /* Assets.xcassets */,
				5851712D25DA4CA800DF78B1 /* LaunchScreen.storyboard */,
				5851713025DA4CA800DF78B1 /* Info.plist */,
				5851712825DA4CA600DF78B1 /* apiAlamofireObjctmapper.xcdatamodeld */,
				5851715225DA50A300DF78B1 /* Constants.swift */,
				5851715425DA521000DF78B1 /* Cell.swift */,
			);
			path = apiAlamofireObjctmapper;
			sourceTree = "<group>";
		};
		5851713825DA4CA800DF78B1 /* apiAlamofireObjctmapperTests */ = {
			isa = PBXGroup;
			children = (
				5851713925DA4CA800DF78B1 /* apiAlamofireObjctmapperTests.swift */,
				5851713B25DA4CA800DF78B1 /* Info.plist */,
			);
			path = apiAlamofireObjctmapperTests;
			sourceTree = "<group>";
		};
		5851714325DA4CA800DF78B1 /* apiAlamofireObjctmapperUITests */ = {
			isa = PBXGroup;
			children = (
				5851714425DA4CA800DF78B1 /* apiAlamofireObjctmapperUITests.swift */,
				5851714625DA4CA800DF78B1 /* Info.plist */,
			);
			path = apiAlamofireObjctmapperUITests;
			sourceTree = "<group>";
		};
		5851715C25DA6E6D00DF78B1 /* Model */ = {
			isa = PBXGroup;
			children = (
				5851715625DA6E6900DF78B1 /* Model_data.swift */,
				5851715725DA6E6900DF78B1 /* Model_base.swift */,
				5851715825DA6E6900DF78B1 /* Support.swift */,
			);
			path = Model;
			sourceTree = "<group>";
		};
/* End PBXGroup section */

/* Begin PBXNativeTarget section */
		5851711B25DA4CA600DF78B1 /* apiAlamofireObjctmapper */ = {
			isa = PBXNativeTarget;
			buildConfigurationList = 5851714925DA4CA800DF78B1 /* Build configuration list for PBXNativeTarget "apiAlamofireObjctmapper" */;
			buildPhases = (
				022D1AECA73304831B8E9CDF /* [CP] Check Pods Manifest.lock */,
				5851711825DA4CA600DF78B1 /* Sources */,
				5851711925DA4CA600DF78B1 /* Frameworks */,
				5851711A25DA4CA600DF78B1 /* Resources */,
				C331163589560B483AA90EDB /* [CP] Embed Pods Frameworks */,
			);
			buildRules = (
			);
			dependencies = (
			);
			name = apiAlamofireObjctmapper;
			productName = apiAlamofireObjctmapper;
			productReference = 5851711C25DA4CA600DF78B1 /* apiAlamofireObjctmapper.app */;
			productType = "com.apple.product-type.application";
		};
		5851713425DA4CA800DF78B1 /* apiAlamofireObjctmapperTests */ = {
			isa = PBXNativeTarget;
			buildConfigurationList = 5851714C25DA4CA800DF78B1 /* Build configuration list for PBXNativeTarget "apiAlamofireObjctmapperTests" */;
			buildPhases = (
				209B8C977349058C4AF5B971 /* [CP] Check Pods Manifest.lock */,
				5851713125DA4CA800DF78B1 /* Sources */,
				5851713225DA4CA800DF78B1 /* Frameworks */,
				5851713325DA4CA800DF78B1 /* Resources */,
			);
			buildRules = (
			);
			dependencies = (
				5851713725DA4CA800DF78B1 /* PBXTargetDependency */,
			);
			name = apiAlamofireObjctmapperTests;
			productName = apiAlamofireObjctmapperTests;
			productReference = 5851713525DA4CA800DF78B1 /* apiAlamofireObjctmapperTests.xctest */;
			productType = "com.apple.product-type.bundle.unit-test";
		};
		5851713F25DA4CA800DF78B1 /* apiAlamofireObjctmapperUITests */ = {
			isa = PBXNativeTarget;
			buildConfigurationList = 5851714F25DA4CA800DF78B1 /* Build configuration list for PBXNativeTarget "apiAlamofireObjctmapperUITests" */;
			buildPhases = (
				F187AB0DBEABD888E116397E /* [CP] Check Pods Manifest.lock */,
				5851713C25DA4CA800DF78B1 /* Sources */,
				5851713D25DA4CA800DF78B1 /* Frameworks */,
				5851713E25DA4CA800DF78B1 /* Resources */,
				F515B3C16377FE9A3FF87231 /* [CP] Embed Pods Frameworks */,
			);
			buildRules = (
			);
			dependencies = (
				5851714225DA4CA800DF78B1 /* PBXTargetDependency */,
			);
			name = apiAlamofireObjctmapperUITests;
			productName = apiAlamofireObjctmapperUITests;
			productReference = 5851714025DA4CA800DF78B1 /* apiAlamofireObjctmapperUITests.xctest */;
			productType = "com.apple.product-type.bundle.ui-testing";
		};
/* End PBXNativeTarget section */

/* Begin PBXProject section */
		5851711425DA4CA600DF78B1 /* Project object */ = {
			isa = PBXProject;
			attributes = {
				LastSwiftUpdateCheck = 1160;
				LastUpgradeCheck = 1160;
				ORGANIZATIONNAME = Nirmal;
				TargetAttributes = {
					5851711B25DA4CA600DF78B1 = {
						CreatedOnToolsVersion = 11.6;
					};
					5851713425DA4CA800DF78B1 = {
						CreatedOnToolsVersion = 11.6;
						TestTargetID = 5851711B25DA4CA600DF78B1;
					};
					5851713F25DA4CA800DF78B1 = {
						CreatedOnToolsVersion = 11.6;
						TestTargetID = 5851711B25DA4CA600DF78B1;
					};
				};
			};
			buildConfigurationList = 5851711725DA4CA600DF78B1 /* Build configuration list for PBXProject "apiAlamofireObjctmapper" */;
			compatibilityVersion = "Xcode 9.3";
			developmentRegion = en;
			hasScannedForEncodings = 0;
			knownRegions = (
				en,
				Base,
			);
			mainGroup = 5851711325DA4CA600DF78B1;
			productRefGroup = 5851711D25DA4CA600DF78B1 /* Products */;
			projectDirPath = "";
			projectRoot = "";
			targets = (
				5851711B25DA4CA600DF78B1 /* apiAlamofireObjctmapper */,
				5851713425DA4CA800DF78B1 /* apiAlamofireObjctmapperTests */,
				5851713F25DA4CA800DF78B1 /* apiAlamofireObjctmapperUITests */,
			);
		};
/* End PBXProject section */

/* Begin PBXResourcesBuildPhase section */
		5851711A25DA4CA600DF78B1 /* Resources */ = {
			isa = PBXResourcesBuildPhase;
			buildActionMask = 2147483647;
			files = (
				5851712F25DA4CA800DF78B1 /* LaunchScreen.storyboard in Resources */,
				5851712C25DA4CA800DF78B1 /* Assets.xcassets in Resources */,
				5851712725DA4CA600DF78B1 /* Main.storyboard in Resources */,
			);
			runOnlyForDeploymentPostprocessing = 0;
		};
		5851713325DA4CA800DF78B1 /* Resources */ = {
			isa = PBXResourcesBuildPhase;
			buildActionMask = 2147483647;
			files = (
			);
			runOnlyForDeploymentPostprocessing = 0;
		};
		5851713E25DA4CA800DF78B1 /* Resources */ = {
			isa = PBXResourcesBuildPhase;
			buildActionMask = 2147483647;
			files = (
			);
			runOnlyForDeploymentPostprocessing = 0;
		};
/* End PBXResourcesBuildPhase section */

/* Begin PBXShellScriptBuildPhase section */
		022D1AECA73304831B8E9CDF /* [CP] Check Pods Manifest.lock */ = {
			isa = PBXShellScriptBuildPhase;
			buildActionMask = 2147483647;
			files = (
			);
			inputFileListPaths = (
			);
			inputPaths = (
				"${PODS_PODFILE_DIR_PATH}/Podfile.lock",
				"${PODS_ROOT}/Manifest.lock",
			);
			name = "[CP] Check Pods Manifest.lock";
			outputFileListPaths = (
			);
			outputPaths = (
				"$(DERIVED_FILE_DIR)/Pods-apiAlamofireObjctmapper-checkManifestLockResult.txt",
			);
			runOnlyForDeploymentPostprocessing = 0;
			shellPath = /bin/sh;
			shellScript = "diff \"${PODS_PODFILE_DIR_PATH}/Podfile.lock\" \"${PODS_ROOT}/Manifest.lock\" > /dev/null\nif [ $? != 0 ] ; then\n    # print error to STDERR\n    echo \"error: The sandbox is not in sync with the Podfile.lock. Run 'pod install' or update your CocoaPods installation.\" >&2\n    exit 1\nfi\n# This output is used by Xcode 'outputs' to avoid re-running this script phase.\necho \"SUCCESS\" > \"${SCRIPT_OUTPUT_FILE_0}\"\n";
			showEnvVarsInLog = 0;
		};
		209B8C977349058C4AF5B971 /* [CP] Check Pods Manifest.lock */ = {
			isa = PBXShellScriptBuildPhase;
			buildActionMask = 2147483647;
			files = (
			);
			inputFileListPaths = (
			);
			inputPaths = (
				"${PODS_PODFILE_DIR_PATH}/Podfile.lock",
				"${PODS_ROOT}/Manifest.lock",
			);
			name = "[CP] Check Pods Manifest.lock";
			outputFileListPaths = (
			);
			outputPaths = (
				"$(DERIVED_FILE_DIR)/Pods-apiAlamofireObjctmapperTests-checkManifestLockResult.txt",
			);
			runOnlyForDeploymentPostprocessing = 0;
			shellPath = /bin/sh;
			shellScript = "diff \"${PODS_PODFILE_DIR_PATH}/Podfile.lock\" \"${PODS_ROOT}/Manifest.lock\" > /dev/null\nif [ $? != 0 ] ; then\n    # print error to STDERR\n    echo \"error: The sandbox is not in sync with the Podfile.lock. Run 'pod install' or update your CocoaPods installation.\" >&2\n    exit 1\nfi\n# This output is used by Xcode 'outputs' to avoid re-running this script phase.\necho \"SUCCESS\" > \"${SCRIPT_OUTPUT_FILE_0}\"\n";
			showEnvVarsInLog = 0;
		};
		C331163589560B483AA90EDB /* [CP] Embed Pods Frameworks */ = {
			isa = PBXShellScriptBuildPhase;
			buildActionMask = 2147483647;
			files = (
			);
			inputFileListPaths = (
				"${PODS_ROOT}/Target Support Files/Pods-apiAlamofireObjctmapper/Pods-apiAlamofireObjctmapper-frameworks-${CONFIGURATION}-input-files.xcfilelist",
			);
			name = "[CP] Embed Pods Frameworks";
			outputFileListPaths = (
				"${PODS_ROOT}/Target Support Files/Pods-apiAlamofireObjctmapper/Pods-apiAlamofireObjctmapper-frameworks-${CONFIGURATION}-output-files.xcfilelist",
			);
			runOnlyForDeploymentPostprocessing = 0;
			shellPath = /bin/sh;
			shellScript = "\"${PODS_ROOT}/Target Support Files/Pods-apiAlamofireObjctmapper/Pods-apiAlamofireObjctmapper-frameworks.sh\"\n";
			showEnvVarsInLog = 0;
		};
		F187AB0DBEABD888E116397E /* [CP] Check Pods Manifest.lock */ = {
			isa = PBXShellScriptBuildPhase;
			buildActionMask = 2147483647;
			files = (
			);
			inputFileListPaths = (
			);
			inputPaths = (
				"${PODS_PODFILE_DIR_PATH}/Podfile.lock",
				"${PODS_ROOT}/Manifest.lock",
			);
			name = "[CP] Check Pods Manifest.lock";
			outputFileListPaths = (
			);
			outputPaths = (
				"$(DERIVED_FILE_DIR)/Pods-apiAlamofireObjctmapper-apiAlamofireObjctmapperUITests-checkManifestLockResult.txt",
			);
			runOnlyForDeploymentPostprocessing = 0;
			shellPath = /bin/sh;
			shellScript = "diff \"${PODS_PODFILE_DIR_PATH}/Podfile.lock\" \"${PODS_ROOT}/Manifest.lock\" > /dev/null\nif [ $? != 0 ] ; then\n    # print error to STDERR\n    echo \"error: The sandbox is not in sync with the Podfile.lock. Run 'pod install' or update your CocoaPods installation.\" >&2\n    exit 1\nfi\n# This output is used by Xcode 'outputs' to avoid re-running this script phase.\necho \"SUCCESS\" > \"${SCRIPT_OUTPUT_FILE_0}\"\n";
			showEnvVarsInLog = 0;
		};
		F515B3C16377FE9A3FF87231 /* [CP] Embed Pods Frameworks */ = {
			isa = PBXShellScriptBuildPhase;
			buildActionMask = 2147483647;
			files = (
			);
			inputFileListPaths = (
				"${PODS_ROOT}/Target Support Files/Pods-apiAlamofireObjctmapper-apiAlamofireObjctmapperUITests/Pods-apiAlamofireObjctmapper-apiAlamofireObjctmapperUITests-frameworks-${CONFIGURATION}-input-files.xcfilelist",
			);
			name = "[CP] Embed Pods Frameworks";
			outputFileListPaths = (
				"${PODS_ROOT}/Target Support Files/Pods-apiAlamofireObjctmapper-apiAlamofireObjctmapperUITests/Pods-apiAlamofireObjctmapper-apiAlamofireObjctmapperUITests-frameworks-${CONFIGURATION}-output-files.xcfilelist",
			);
			runOnlyForDeploymentPostprocessing = 0;
			shellPath = /bin/sh;
			shellScript = "\"${PODS_ROOT}/Target Support Files/Pods-apiAlamofireObjctmapper-apiAlamofireObjctmapperUITests/Pods-apiAlamofireObjctmapper-apiAlamofireObjctmapperUITests-frameworks.sh\"\n";
			showEnvVarsInLog = 0;
		};
/* End PBXShellScriptBuildPhase section */

/* Begin PBXSourcesBuildPhase section */
		5851711825DA4CA600DF78B1 /* Sources */ = {
			isa = PBXSourcesBuildPhase;
			buildActionMask = 2147483647;
			files = (
				5851715925DA6E6900DF78B1 /* Model_data.swift in Sources */,
				5851715325DA50A300DF78B1 /* Constants.swift in Sources */,
				5851712425DA4CA600DF78B1 /* ViewController.swift in Sources */,
				5851712A25DA4CA600DF78B1 /* apiAlamofireObjctmapper.xcdatamodeld in Sources */,
				5851712025DA4CA600DF78B1 /* AppDelegate.swift in Sources */,
				5851715A25DA6E6900DF78B1 /* Model_base.swift in Sources */,
				5851712225DA4CA600DF78B1 /* SceneDelegate.swift in Sources */,
				5851715525DA521000DF78B1 /* Cell.swift in Sources */,
				5851715B25DA6E6900DF78B1 /* Support.swift in Sources */,
			);
			runOnlyForDeploymentPostprocessing = 0;
		};
		5851713125DA4CA800DF78B1 /* Sources */ = {
			isa = PBXSourcesBuildPhase;
			buildActionMask = 2147483647;
			files = (
				5851713A25DA4CA800DF78B1 /* apiAlamofireObjctmapperTests.swift in Sources */,
			);
			runOnlyForDeploymentPostprocessing = 0;
		};
		5851713C25DA4CA800DF78B1 /* Sources */ = {
			isa = PBXSourcesBuildPhase;
			buildActionMask = 2147483647;
			files = (
				5851714525DA4CA800DF78B1 /* apiAlamofireObjctmapperUITests.swift in Sources */,
			);
			runOnlyForDeploymentPostprocessing = 0;
		};
/* End PBXSourcesBuildPhase section */

/* Begin PBXTargetDependency section */
		5851713725DA4CA800DF78B1 /* PBXTargetDependency */ = {
			isa = PBXTargetDependency;
			target = 5851711B25DA4CA600DF78B1 /* apiAlamofireObjctmapper */;
			targetProxy = 5851713625DA4CA800DF78B1 /* PBXContainerItemProxy */;
		};
		5851714225DA4CA800DF78B1 /* PBXTargetDependency */ = {
			isa = PBXTargetDependency;
			target = 5851711B25DA4CA600DF78B1 /* apiAlamofireObjctmapper */;
			targetProxy = 5851714125DA4CA800DF78B1 /* PBXContainerItemProxy */;
		};
/* End PBXTargetDependency section */

/* Begin PBXVariantGroup section */
		5851712525DA4CA600DF78B1 /* Main.storyboard */ = {
			isa = PBXVariantGroup;
			children = (
				5851712625DA4CA600DF78B1 /* Base */,
			);
			name = Main.storyboard;
			sourceTree = "<group>";
		};
		5851712D25DA4CA800DF78B1 /* LaunchScreen.storyboard */ = {
			isa = PBXVariantGroup;
			children = (
				5851712E25DA4CA800DF78B1 /* Base */,
			);
			name = LaunchScreen.storyboard;
			sourceTree = "<group>";
		};
/* End PBXVariantGroup section */

/* Begin XCBuildConfiguration section */
		5851714725DA4CA800DF78B1 /* Debug */ = {
			isa = XCBuildConfiguration;
			buildSettings = {
				ALWAYS_SEARCH_USER_PATHS = NO;
				CLANG_ANALYZER_NONNULL = YES;
				CLANG_ANALYZER_NUMBER_OBJECT_CONVERSION = YES_AGGRESSIVE;
				CLANG_CXX_LANGUAGE_STANDARD = "gnu++14";
				CLANG_CXX_LIBRARY = "libc++";
				CLANG_ENABLE_MODULES = YES;
				CLANG_ENABLE_OBJC_ARC = YES;
				CLANG_ENABLE_OBJC_WEAK = YES;
				CLANG_WARN_BLOCK_CAPTURE_AUTORELEASING = YES;
				CLANG_WARN_BOOL_CONVERSION = YES;
				CLANG_WARN_COMMA = YES;
				CLANG_WARN_CONSTANT_CONVERSION = YES;
				CLANG_WARN_DEPRECATED_OBJC_IMPLEMENTATIONS = YES;
				CLANG_WARN_DIRECT_OBJC_ISA_USAGE = YES_ERROR;
				CLANG_WARN_DOCUMENTATION_COMMENTS = YES;
				CLANG_WARN_EMPTY_BODY = YES;
				CLANG_WARN_ENUM_CONVERSION = YES;
				CLANG_WARN_INFINITE_RECURSION = YES;
				CLANG_WARN_INT_CONVERSION = YES;
				CLANG_WARN_NON_LITERAL_NULL_CONVERSION = YES;
				CLANG_WARN_OBJC_IMPLICIT_RETAIN_SELF = YES;
				CLANG_WARN_OBJC_LITERAL_CONVERSION = YES;
				CLANG_WARN_OBJC_ROOT_CLASS = YES_ERROR;
				CLANG_WARN_RANGE_LOOP_ANALYSIS = YES;
				CLANG_WARN_STRICT_PROTOTYPES = YES;
				CLANG_WARN_SUSPICIOUS_MOVE = YES;
				CLANG_WARN_UNGUARDED_AVAILABILITY = YES_AGGRESSIVE;
				CLANG_WARN_UNREACHABLE_CODE = YES;
				CLANG_WARN__DUPLICATE_METHOD_MATCH = YES;
				COPY_PHASE_STRIP = NO;
				DEBUG_INFORMATION_FORMAT = dwarf;
				ENABLE_STRICT_OBJC_MSGSEND = YES;
				ENABLE_TESTABILITY = YES;
				GCC_C_LANGUAGE_STANDARD = gnu11;
				GCC_DYNAMIC_NO_PIC = NO;
				GCC_NO_COMMON_BLOCKS = YES;
				GCC_OPTIMIZATION_LEVEL = 0;
				GCC_PREPROCESSOR_DEFINITIONS = (
					"DEBUG=1",
					"$(inherited)",
				);
				GCC_WARN_64_TO_32_BIT_CONVERSION = YES;
				GCC_WARN_ABOUT_RETURN_TYPE = YES_ERROR;
				GCC_WARN_UNDECLARED_SELECTOR = YES;
				GCC_WARN_UNINITIALIZED_AUTOS = YES_AGGRESSIVE;
				GCC_WARN_UNUSED_FUNCTION = YES;
				GCC_WARN_UNUSED_VARIABLE = YES;
				IPHONEOS_DEPLOYMENT_TARGET = 13.6;
				MTL_ENABLE_DEBUG_INFO = INCLUDE_SOURCE;
				MTL_FAST_MATH = YES;
				ONLY_ACTIVE_ARCH = YES;
				SDKROOT = iphoneos;
				SWIFT_ACTIVE_COMPILATION_CONDITIONS = DEBUG;
				SWIFT_OPTIMIZATION_LEVEL = "-Onone";
			};
			name = Debug;
		};
		5851714825DA4CA800DF78B1 /* Release */ = {
			isa = XCBuildConfiguration;
			buildSettings = {
				ALWAYS_SEARCH_USER_PATHS = NO;
				CLANG_ANALYZER_NONNULL = YES;
				CLANG_ANALYZER_NUMBER_OBJECT_CONVERSION = YES_AGGRESSIVE;
				CLANG_CXX_LANGUAGE_STANDARD = "gnu++14";
				CLANG_CXX_LIBRARY = "libc++";
				CLANG_ENABLE_MODULES = YES;
				CLANG_ENABLE_OBJC_ARC = YES;
				CLANG_ENABLE_OBJC_WEAK = YES;
				CLANG_WARN_BLOCK_CAPTURE_AUTORELEASING = YES;
				CLANG_WARN_BOOL_CONVERSION = YES;
				CLANG_WARN_COMMA = YES;
				CLANG_WARN_CONSTANT_CONVERSION = YES;
				CLANG_WARN_DEPRECATED_OBJC_IMPLEMENTATIONS = YES;
				CLANG_WARN_DIRECT_OBJC_ISA_USAGE = YES_ERROR;
				CLANG_WARN_DOCUMENTATION_COMMENTS = YES;
				CLANG_WARN_EMPTY_BODY = YES;
				CLANG_WARN_ENUM_CONVERSION = YES;
				CLANG_WARN_INFINITE_RECURSION = YES;
				CLANG_WARN_INT_CONVERSION = YES;
				CLANG_WARN_NON_LITERAL_NULL_CONVERSION = YES;
				CLANG_WARN_OBJC_IMPLICIT_RETAIN_SELF = YES;
				CLANG_WARN_OBJC_LITERAL_CONVERSION = YES;
				CLANG_WARN_OBJC_ROOT_CLASS = YES_ERROR;
				CLANG_WARN_RANGE_LOOP_ANALYSIS = YES;
				CLANG_WARN_STRICT_PROTOTYPES = YES;
				CLANG_WARN_SUSPICIOUS_MOVE = YES;
				CLANG_WARN_UNGUARDED_AVAILABILITY = YES_AGGRESSIVE;
				CLANG_WARN_UNREACHABLE_CODE = YES;
				CLANG_WARN__DUPLICATE_METHOD_MATCH = YES;
				COPY_PHASE_STRIP = NO;
				DEBUG_INFORMATION_FORMAT = "dwarf-with-dsym";
				ENABLE_NS_ASSERTIONS = NO;
				ENABLE_STRICT_OBJC_MSGSEND = YES;
				GCC_C_LANGUAGE_STANDARD = gnu11;
				GCC_NO_COMMON_BLOCKS = YES;
				GCC_WARN_64_TO_32_BIT_CONVERSION = YES;
				GCC_WARN_ABOUT_RETURN_TYPE = YES_ERROR;
				GCC_WARN_UNDECLARED_SELECTOR = YES;
				GCC_WARN_UNINITIALIZED_AUTOS = YES_AGGRESSIVE;
				GCC_WARN_UNUSED_FUNCTION = YES;
				GCC_WARN_UNUSED_VARIABLE = YES;
				IPHONEOS_DEPLOYMENT_TARGET = 13.6;
				MTL_ENABLE_DEBUG_INFO = NO;
				MTL_FAST_MATH = YES;
				SDKROOT = iphoneos;
				SWIFT_COMPILATION_MODE = wholemodule;
				SWIFT_OPTIMIZATION_LEVEL = "-O";
				VALIDATE_PRODUCT = YES;
			};
			name = Release;
		};
		5851714A25DA4CA800DF78B1 /* Debug */ = {
			isa = XCBuildConfiguration;
			baseConfigurationReference = DB091330DA4C0A9607DD01DC /* Pods-apiAlamofireObjctmapper.debug.xcconfig */;
			buildSettings = {
				ASSETCATALOG_COMPILER_APPICON_NAME = AppIcon;
				CODE_SIGN_STYLE = Automatic;
				INFOPLIST_FILE = apiAlamofireObjctmapper/Info.plist;
				LD_RUNPATH_SEARCH_PATHS = (
					"$(inherited)",
					"@executable_path/Frameworks",
				);
				PRODUCT_BUNDLE_IDENTIFIER = com.nirmal.dakor.apiAlamofireObjctmapper;
				PRODUCT_NAME = "$(TARGET_NAME)";
				SWIFT_VERSION = 5.0;
				TARGETED_DEVICE_FAMILY = "1,2";
			};
			name = Debug;
		};
		5851714B25DA4CA800DF78B1 /* Release */ = {
			isa = XCBuildConfiguration;
			baseConfigurationReference = 66BE8BE0F76DD267C6D92623 /* Pods-apiAlamofireObjctmapper.release.xcconfig */;
			buildSettings = {
				ASSETCATALOG_COMPILER_APPICON_NAME = AppIcon;
				CODE_SIGN_STYLE = Automatic;
				INFOPLIST_FILE = apiAlamofireObjctmapper/Info.plist;
				LD_RUNPATH_SEARCH_PATHS = (
					"$(inherited)",
					"@executable_path/Frameworks",
				);
				PRODUCT_BUNDLE_IDENTIFIER = com.nirmal.dakor.apiAlamofireObjctmapper;
				PRODUCT_NAME = "$(TARGET_NAME)";
				SWIFT_VERSION = 5.0;
				TARGETED_DEVICE_FAMILY = "1,2";
			};
			name = Release;
		};
		5851714D25DA4CA800DF78B1 /* Debug */ = {
			isa = XCBuildConfiguration;
			baseConfigurationReference = A979E33663C843B07E99185B /* Pods-apiAlamofireObjctmapperTests.debug.xcconfig */;
			buildSettings = {
				ALWAYS_EMBED_SWIFT_STANDARD_LIBRARIES = YES;
				BUNDLE_LOADER = "$(TEST_HOST)";
				CODE_SIGN_STYLE = Automatic;
				INFOPLIST_FILE = apiAlamofireObjctmapperTests/Info.plist;
				IPHONEOS_DEPLOYMENT_TARGET = 13.6;
				LD_RUNPATH_SEARCH_PATHS = (
					"$(inherited)",
					"@executable_path/Frameworks",
					"@loader_path/Frameworks",
				);
				PRODUCT_BUNDLE_IDENTIFIER = com.nirmal.dakor.apiAlamofireObjctmapperTests;
				PRODUCT_NAME = "$(TARGET_NAME)";
				SWIFT_VERSION = 5.0;
				TARGETED_DEVICE_FAMILY = "1,2";
				TEST_HOST = "$(BUILT_PRODUCTS_DIR)/apiAlamofireObjctmapper.app/apiAlamofireObjctmapper";
			};
			name = Debug;
		};
		5851714E25DA4CA800DF78B1 /* Release */ = {
			isa = XCBuildConfiguration;
			baseConfigurationReference = E32CF97FB0A4AF7CB1F0B565 /* Pods-apiAlamofireObjctmapperTests.release.xcconfig */;
			buildSettings = {
				ALWAYS_EMBED_SWIFT_STANDARD_LIBRARIES = YES;
				BUNDLE_LOADER = "$(TEST_HOST)";
				CODE_SIGN_STYLE = Automatic;
				INFOPLIST_FILE = apiAlamofireObjctmapperTests/Info.plist;
				IPHONEOS_DEPLOYMENT_TARGET = 13.6;
				LD_RUNPATH_SEARCH_PATHS = (
					"$(inherited)",
					"@executable_path/Frameworks",
					"@loader_path/Frameworks",
				);
				PRODUCT_BUNDLE_IDENTIFIER = com.nirmal.dakor.apiAlamofireObjctmapperTests;
				PRODUCT_NAME = "$(TARGET_NAME)";
				SWIFT_VERSION = 5.0;
				TARGETED_DEVICE_FAMILY = "1,2";
				TEST_HOST = "$(BUILT_PRODUCTS_DIR)/apiAlamofireObjctmapper.app/apiAlamofireObjctmapper";
			};
			name = Release;
		};
		5851715025DA4CA800DF78B1 /* Debug */ = {
			isa = XCBuildConfiguration;
			baseConfigurationReference = 74445967DE55C682D3319E1A /* Pods-apiAlamofireObjctmapper-apiAlamofireObjctmapperUITests.debug.xcconfig */;
			buildSettings = {
				ALWAYS_EMBED_SWIFT_STANDARD_LIBRARIES = YES;
				CODE_SIGN_STYLE = Automatic;
				INFOPLIST_FILE = apiAlamofireObjctmapperUITests/Info.plist;
				LD_RUNPATH_SEARCH_PATHS = (
					"$(inherited)",
					"@executable_path/Frameworks",
					"@loader_path/Frameworks",
				);
				PRODUCT_BUNDLE_IDENTIFIER = com.nirmal.dakor.apiAlamofireObjctmapperUITests;
				PRODUCT_NAME = "$(TARGET_NAME)";
				SWIFT_VERSION = 5.0;
				TARGETED_DEVICE_FAMILY = "1,2";
				TEST_TARGET_NAME = apiAlamofireObjctmapper;
			};
			name = Debug;
		};
		5851715125DA4CA800DF78B1 /* Release */ = {
			isa = XCBuildConfiguration;
			baseConfigurationReference = 3F56B78FAB23866782200CA7 /* Pods-apiAlamofireObjctmapper-apiAlamofireObjctmapperUITests.release.xcconfig */;
			buildSettings = {
				ALWAYS_EMBED_SWIFT_STANDARD_LIBRARIES = YES;
				CODE_SIGN_STYLE = Automatic;
				INFOPLIST_FILE = apiAlamofireObjctmapperUITests/Info.plist;
				LD_RUNPATH_SEARCH_PATHS = (
					"$(inherited)",
					"@executable_path/Frameworks",
					"@loader_path/Frameworks",
				);
				PRODUCT_BUNDLE_IDENTIFIER = com.nirmal.dakor.apiAlamofireObjctmapperUITests;
				PRODUCT_NAME = "$(TARGET_NAME)";
				SWIFT_VERSION = 5.0;
				TARGETED_DEVICE_FAMILY = "1,2";
				TEST_TARGET_NAME = apiAlamofireObjctmapper;
			};
			name = Release;
		};
/* End XCBuildConfiguration section */

/* Begin XCConfigurationList section */
		5851711725DA4CA600DF78B1 /* Build configuration list for PBXProject "apiAlamofireObjctmapper" */ = {
			isa = XCConfigurationList;
			buildConfigurations = (
				5851714725DA4CA800DF78B1 /* Debug */,
				5851714825DA4CA800DF78B1 /* Release */,
			);
			defaultConfigurationIsVisible = 0;
			defaultConfigurationName = Release;
		};
		5851714925DA4CA800DF78B1 /* Build configuration list for PBXNativeTarget "apiAlamofireObjctmapper" */ = {
			isa = XCConfigurationList;
			buildConfigurations = (
				5851714A25DA4CA800DF78B1 /* Debug */,
				5851714B25DA4CA800DF78B1 /* Release */,
			);
			defaultConfigurationIsVisible = 0;
			defaultConfigurationName = Release;
		};
		5851714C25DA4CA800DF78B1 /* Build configuration list for PBXNativeTarget "apiAlamofireObjctmapperTests" */ = {
			isa = XCConfigurationList;
			buildConfigurations = (
				5851714D25DA4CA800DF78B1 /* Debug */,
				5851714E25DA4CA800DF78B1 /* Release */,
			);
			defaultConfigurationIsVisible = 0;
			defaultConfigurationName = Release;
		};
		5851714F25DA4CA800DF78B1 /* Build configuration list for PBXNativeTarget "apiAlamofireObjctmapperUITests" */ = {
			isa = XCConfigurationList;
			buildConfigurations = (
				5851715025DA4CA800DF78B1 /* Debug */,
				5851715125DA4CA800DF78B1 /* Release */,
			);
			defaultConfigurationIsVisible = 0;
			defaultConfigurationName = Release;
		};
/* End XCConfigurationList section */

/* Begin XCVersionGroup section */
		5851712825DA4CA600DF78B1 /* apiAlamofireObjctmapper.xcdatamodeld */ = {
			isa = XCVersionGroup;
			children = (
				5851712925DA4CA600DF78B1 /* apiAlamofireObjctmapper.xcdatamodel */,
			);
			currentVersion = 5851712925DA4CA600DF78B1 /* apiAlamofireObjctmapper.xcdatamodel */;
			path = apiAlamofireObjctmapper.xcdatamodeld;
			sourceTree = "<group>";
			versionGroupType = wrapper.xcdatamodel;
		};
/* End XCVersionGroup section */
	};
	rootObject = 5851711425DA4CA600DF78B1 /* Project object */;
}
